
Microsoft Visual Studio Solution File, Format Version 12.00
# Visual Studio Version 17
VisualStudioVersion = 17.9.34714.143
MinimumVisualStudioVersion = 10.0.40219.1
Project("{FAE04EC0-301F-11D3-BF4B-00C04F79EFBC}") = "BLL", "BLL\BLL.csproj", "{3832E4B6-DD0B-4370-B8CD-FB21EF52897E}"
EndProject
Project("{FAE04EC0-301F-11D3-BF4B-00C04F79EFBC}") = "DAL", "DAL\DAL.csproj", "{A4BCA1A5-E14F-4CE9-A84B-1B3214568B02}"
EndProject
Project("{FAE04EC0-301F-11D3-BF4B-00C04F79EFBC}") = "CapaPresentacion", "CapaPresentacion\CapaPresentacion.csproj", "{F1F2002B-5E14-4105-92EA-1173FFD549AF}"
EndProject
Project("{FAE04EC0-301F-11D3-BF4B-00C04F79EFBC}") = "Entidades", "Entidades\Entidades.csproj", "{70E5B7AA-01A5-41FA-AAD8-E24C83467CD3}"
EndProject
Global
	GlobalSection(SolutionConfigurationPlatforms) = preSolution
		Debug|Any CPU = Debug|Any CPU
		Release|Any CPU = Release|Any CPU
	EndGlobalSection
	GlobalSection(ProjectConfigurationPlatforms) = postSolution
		{3832E4B6-DD0B-4370-B8CD-FB21EF52897E}.Debug|Any CPU.ActiveCfg = Debug|Any CPU
		{3832E4B6-DD0B-4370-B8CD-FB21EF52897E}.Debug|Any CPU.Build.0 = Debug|Any CPU
		{3832E4B6-DD0B-4370-B8CD-FB21EF52897E}.Release|Any CPU.ActiveCfg = Release|Any CPU
		{3832E4B6-DD0B-4370-B8CD-FB21EF52897E}.Release|Any CPU.Build.0 = Release|Any CPU
		{A4BCA1A5-E14F-4CE9-A84B-1B3214568B02}.Debug|Any CPU.ActiveCfg = Debug|Any CPU
		{A4BCA1A5-E14F-4CE9-A84B-1B3214568B02}.Debug|Any CPU.Build.0 = Debug|Any CPU
		{A4BCA1A5-E14F-4CE9-A84B-1B3214568B02}.Release|Any CPU.ActiveCfg = Release|Any CPU
		{A4BCA1A5-E14F-4CE9-A84B-1B3214568B02}.Release|Any CPU.Build.0 = Release|Any CPU
		{F1F2002B-5E14-4105-92EA-1173FFD549AF}.Debug|Any CPU.ActiveCfg = Debug|Any CPU
		{F1F2002B-5E14-4105-92EA-1173FFD549AF}.Debug|Any CPU.Build.0 = Debug|Any CPU
		{F1F2002B-5E14-4105-92EA-1173FFD549AF}.Release|Any CPU.ActiveCfg = Release|Any CPU
		{F1F2002B-5E14-4105-92EA-1173FFD549AF}.Release|Any CPU.Build.0 = Release|Any CPU
		{70E5B7AA-01A5-41FA-AAD8-E24C83467CD3}.Debug|Any CPU.ActiveCfg = Debug|Any CPU
		{70E5B7AA-01A5-41FA-AAD8-E24C83467CD3}.Debug|Any CPU.Build.0 = Debug|Any CPU
		{70E5B7AA-01A5-41FA-AAD8-E24C83467CD3}.Release|Any CPU.ActiveCfg = Release|Any CPU
		{70E5B7AA-01A5-41FA-AAD8-E24C83467CD3}.Release|Any CPU.Build.0 = Release|Any CPU
	EndGlobalSection
	GlobalSection(SolutionProperties) = preSolution
		HideSolutionNode = FALSE
	EndGlobalSection
	GlobalSection(ExtensibilityGlobals) = postSolution
		SolutionGuid = {116DADEA-1E18-4F27-BA0C-05C8C920BC28}
	EndGlobalSection
EndGlobal
